
Microsoft Visual Studio Solution File, Format Version 12.00
# Visual Studio Version 16
VisualStudioVersion = 16.0.31515.178
MinimumVisualStudioVersion = 10.0.40219.1
Project("{FAE04EC0-301F-11D3-BF4B-00C04F79EFBC}") = "MqttToTTS", "MqttToTTS.csproj", "{ECA32D14-A679-4C0B-B08C-69B2D485CA4E}"
EndProject
Global
	GlobalSection(SolutionConfigurationPlatforms) = preSolution
		Debug|Any CPU = Debug|Any CPU
		Release|Any CPU = Release|Any CPU
	EndGlobalSection
	GlobalSection(ProjectConfigurationPlatforms) = postSolution
		{ECA32D14-A679-4C0B-B08C-69B2D485CA4E}.Debug|Any CPU.ActiveCfg = Debug|Any CPU
		{ECA32D14-A679-4C0B-B08C-69B2D485CA4E}.Debug|Any CPU.Build.0 = Debug|Any CPU
		{ECA32D14-A679-4C0B-B08C-69B2D485CA4E}.Release|Any CPU.ActiveCfg = Release|Any CPU
		{ECA32D14-A679-4C0B-B08C-69B2D485CA4E}.Release|Any CPU.Build.0 = Release|Any CPU
	EndGlobalSection
	GlobalSection(SolutionProperties) = preSolution
		HideSolutionNode = FALSE
	EndGlobalSection
	GlobalSection(ExtensibilityGlobals) = postSolution
		SolutionGuid = {F6962EF7-A9DC-4D13-B0D4-27FC4E13BDCE}
	EndGlobalSection
EndGlobal
